
Microsoft Visual Studio Solution File, Format Version 12.00
# Visual Studio 15
VisualStudioVersion = 15.0.28010.2048
MinimumVisualStudioVersion = 10.0.40219.1
Project("{FAE04EC0-301F-11D3-BF4B-00C04F79EFBC}") = "MwCapture", "MwCapture\MwCapture.csproj", "{7DDD810E-4E5C-45B3-825E-C5A6589141E3}"
EndProject
Global
	GlobalSection(SolutionConfigurationPlatforms) = preSolution
		Debug|Any CPU = Debug|Any CPU
		Release|Any CPU = Release|Any CPU
	EndGlobalSection
	GlobalSection(ProjectConfigurationPlatforms) = postSolution
		{7DDD810E-4E5C-45B3-825E-C5A6589141E3}.Debug|Any CPU.ActiveCfg = Debug|Any CPU
		{7DDD810E-4E5C-45B3-825E-C5A6589141E3}.Debug|Any CPU.Build.0 = Debug|Any CPU
		{7DDD810E-4E5C-45B3-825E-C5A6589141E3}.Release|Any CPU.ActiveCfg = Release|Any CPU
		{7DDD810E-4E5C-45B3-825E-C5A6589141E3}.Release|Any CPU.Build.0 = Release|Any CPU
	EndGlobalSection
	GlobalSection(SolutionProperties) = preSolution
		HideSolutionNode = FALSE
	EndGlobalSection
	GlobalSection(ExtensibilityGlobals) = postSolution
		SolutionGuid = {F5912C2C-6A9C-41F3-AF1F-0537BA770619}
	EndGlobalSection
EndGlobal
